
Microsoft Visual Studio Solution File, Format Version 12.00
# Visual Studio Version 17
VisualStudioVersion = 17.0.31903.59
MinimumVisualStudioVersion = 10.0.40219.1
Project("{FAE04EC0-301F-11D3-BF4B-00C04F79EFBC}") = "VoidWalker.Main", "VoidWalker.Main\VoidWalker.Main.csproj", "{0BB5051A-8CCC-421C-9C19-EC2BC8D5F466}"
EndProject
Project("{FAE04EC0-301F-11D3-BF4B-00C04F79EFBC}") = "LexEngine.Core", "LexEngine.Core\LexEngine.Core.csproj", "{7CB375D1-E91F-49D5-9618-9B488D560881}"
EndProject
Global
	GlobalSection(SolutionConfigurationPlatforms) = preSolution
		Debug|Any CPU = Debug|Any CPU
		Release|Any CPU = Release|Any CPU
	EndGlobalSection
	GlobalSection(SolutionProperties) = preSolution
		HideSolutionNode = FALSE
	EndGlobalSection
	GlobalSection(ProjectConfigurationPlatforms) = postSolution
		{0BB5051A-8CCC-421C-9C19-EC2BC8D5F466}.Debug|Any CPU.ActiveCfg = Debug|Any CPU
		{0BB5051A-8CCC-421C-9C19-EC2BC8D5F466}.Debug|Any CPU.Build.0 = Debug|Any CPU
		{0BB5051A-8CCC-421C-9C19-EC2BC8D5F466}.Release|Any CPU.ActiveCfg = Release|Any CPU
		{0BB5051A-8CCC-421C-9C19-EC2BC8D5F466}.Release|Any CPU.Build.0 = Release|Any CPU
		{7CB375D1-E91F-49D5-9618-9B488D560881}.Debug|Any CPU.ActiveCfg = Debug|Any CPU
		{7CB375D1-E91F-49D5-9618-9B488D560881}.Debug|Any CPU.Build.0 = Debug|Any CPU
		{7CB375D1-E91F-49D5-9618-9B488D560881}.Release|Any CPU.ActiveCfg = Release|Any CPU
		{7CB375D1-E91F-49D5-9618-9B488D560881}.Release|Any CPU.Build.0 = Release|Any CPU
	EndGlobalSection
EndGlobal
