
Microsoft Visual Studio Solution File, Format Version 12.00
# Visual Studio Version 17
VisualStudioVersion = 17.0.31903.59
MinimumVisualStudioVersion = 10.0.40219.1
Project("{FAE04EC0-301F-11D3-BF4B-00C04F79EFBC}") = "VoidWalker.Main", "VoidWalker.Main\VoidWalker.Main.csproj", "{0BB5051A-8CCC-421C-9C19-EC2BC8D5F466}"
EndProject
Project("{FAE04EC0-301F-11D3-BF4B-00C04F79EFBC}") = "TextBlade.Core", "TextBlade.Core\TextBlade.Core.csproj", "{E6CA0114-BC5C-4B06-A2A9-EE91BB9A7C8B}"
EndProject
Project("{FAE04EC0-301F-11D3-BF4B-00C04F79EFBC}") = "TextBlade.ConsoleRunner", "TextBlade.ConsoleRunner\TextBlade.ConsoleRunner.csproj", "{48BCD4A6-C4C0-40BF-A0D4-3B8221E2941A}"
EndProject
Global
	GlobalSection(SolutionConfigurationPlatforms) = preSolution
		Debug|Any CPU = Debug|Any CPU
		Release|Any CPU = Release|Any CPU
	EndGlobalSection
	GlobalSection(SolutionProperties) = preSolution
		HideSolutionNode = FALSE
	EndGlobalSection
	GlobalSection(ProjectConfigurationPlatforms) = postSolution
		{0BB5051A-8CCC-421C-9C19-EC2BC8D5F466}.Debug|Any CPU.ActiveCfg = Debug|Any CPU
		{0BB5051A-8CCC-421C-9C19-EC2BC8D5F466}.Debug|Any CPU.Build.0 = Debug|Any CPU
		{0BB5051A-8CCC-421C-9C19-EC2BC8D5F466}.Release|Any CPU.ActiveCfg = Release|Any CPU
		{0BB5051A-8CCC-421C-9C19-EC2BC8D5F466}.Release|Any CPU.Build.0 = Release|Any CPU
		{E6CA0114-BC5C-4B06-A2A9-EE91BB9A7C8B}.Debug|Any CPU.ActiveCfg = Debug|Any CPU
		{E6CA0114-BC5C-4B06-A2A9-EE91BB9A7C8B}.Debug|Any CPU.Build.0 = Debug|Any CPU
		{E6CA0114-BC5C-4B06-A2A9-EE91BB9A7C8B}.Release|Any CPU.ActiveCfg = Release|Any CPU
		{E6CA0114-BC5C-4B06-A2A9-EE91BB9A7C8B}.Release|Any CPU.Build.0 = Release|Any CPU
		{48BCD4A6-C4C0-40BF-A0D4-3B8221E2941A}.Debug|Any CPU.ActiveCfg = Debug|Any CPU
		{48BCD4A6-C4C0-40BF-A0D4-3B8221E2941A}.Debug|Any CPU.Build.0 = Debug|Any CPU
		{48BCD4A6-C4C0-40BF-A0D4-3B8221E2941A}.Release|Any CPU.ActiveCfg = Release|Any CPU
		{48BCD4A6-C4C0-40BF-A0D4-3B8221E2941A}.Release|Any CPU.Build.0 = Release|Any CPU
	EndGlobalSection
EndGlobal
